
Microsoft Visual Studio Solution File, Format Version 12.00
# Visual Studio 15
VisualStudioVersion = 15.0.28307.1169
MinimumVisualStudioVersion = 10.0.40219.1
Project("{FAE04EC0-301F-11D3-BF4B-00C04F79EFBC}") = "TestForTHL", "UnitTestProject2\TestForTHL.csproj", "{2820C44F-261F-4C31-8C33-9290947CB8EC}"
EndProject
Global
	GlobalSection(SolutionConfigurationPlatforms) = preSolution
		Debug|Any CPU = Debug|Any CPU
		Release|Any CPU = Release|Any CPU
	EndGlobalSection
	GlobalSection(ProjectConfigurationPlatforms) = postSolution
		{2820C44F-261F-4C31-8C33-9290947CB8EC}.Debug|Any CPU.ActiveCfg = Debug|Any CPU
		{2820C44F-261F-4C31-8C33-9290947CB8EC}.Debug|Any CPU.Build.0 = Debug|Any CPU
		{2820C44F-261F-4C31-8C33-9290947CB8EC}.Release|Any CPU.ActiveCfg = Release|Any CPU
		{2820C44F-261F-4C31-8C33-9290947CB8EC}.Release|Any CPU.Build.0 = Release|Any CPU
	EndGlobalSection
	GlobalSection(SolutionProperties) = preSolution
		HideSolutionNode = FALSE
	EndGlobalSection
	GlobalSection(ExtensibilityGlobals) = postSolution
		SolutionGuid = {D0A8C2C4-8DF9-4268-9569-9B14011E7227}
	EndGlobalSection
EndGlobal
